
Microsoft Visual Studio Solution File, Format Version 12.00
# Visual Studio Version 17
VisualStudioVersion = 17.12.35527.113 d17.12
MinimumVisualStudioVersion = 10.0.40219.1
Project("{FAE04EC0-301F-11D3-BF4B-00C04F79EFBC}") = "CSharp13", "CSharp13\CSharp13.csproj", "{C56A9037-54CE-4F30-BC9F-CE8AB6AC73DD}"
EndProject
Project("{FAE04EC0-301F-11D3-BF4B-00C04F79EFBC}") = "CSharp12", "CSharp12\CSharp12.csproj", "{831DA1E4-E97E-4792-A512-0FC875D0D1F8}"
EndProject
Global
	GlobalSection(SolutionConfigurationPlatforms) = preSolution
		Debug|Any CPU = Debug|Any CPU
		Release|Any CPU = Release|Any CPU
	EndGlobalSection
	GlobalSection(ProjectConfigurationPlatforms) = postSolution
		{C56A9037-54CE-4F30-BC9F-CE8AB6AC73DD}.Debug|Any CPU.ActiveCfg = Debug|Any CPU
		{C56A9037-54CE-4F30-BC9F-CE8AB6AC73DD}.Debug|Any CPU.Build.0 = Debug|Any CPU
		{C56A9037-54CE-4F30-BC9F-CE8AB6AC73DD}.Release|Any CPU.ActiveCfg = Release|Any CPU
		{C56A9037-54CE-4F30-BC9F-CE8AB6AC73DD}.Release|Any CPU.Build.0 = Release|Any CPU
		{831DA1E4-E97E-4792-A512-0FC875D0D1F8}.Debug|Any CPU.ActiveCfg = Debug|Any CPU
		{831DA1E4-E97E-4792-A512-0FC875D0D1F8}.Debug|Any CPU.Build.0 = Debug|Any CPU
		{831DA1E4-E97E-4792-A512-0FC875D0D1F8}.Release|Any CPU.ActiveCfg = Release|Any CPU
		{831DA1E4-E97E-4792-A512-0FC875D0D1F8}.Release|Any CPU.Build.0 = Release|Any CPU
	EndGlobalSection
	GlobalSection(SolutionProperties) = preSolution
		HideSolutionNode = FALSE
	EndGlobalSection
EndGlobal
